
Microsoft Visual Studio Solution File, Format Version 12.00
# Visual Studio Version 17
VisualStudioVersion = 17.11.35327.3
MinimumVisualStudioVersion = 10.0.40219.1
Project("{D2ABAB84-BF74-430A-B69E-9DC6D40DDA17}") = "Group_ID_7_Cube", "Group_ID_7_Cube\Group_ID_7_Cube.dwproj", "{63E595C0-13DE-4D0B-BEC7-0366A64AB211}"
EndProject
Global
	GlobalSection(SolutionConfigurationPlatforms) = preSolution
		Development|Default = Development|Default
	EndGlobalSection
	GlobalSection(ProjectConfigurationPlatforms) = postSolution
		{63E595C0-13DE-4D0B-BEC7-0366A64AB211}.Development|Default.ActiveCfg = Development
		{63E595C0-13DE-4D0B-BEC7-0366A64AB211}.Development|Default.Build.0 = Development
		{63E595C0-13DE-4D0B-BEC7-0366A64AB211}.Development|Default.Deploy.0 = Development
	EndGlobalSection
	GlobalSection(SolutionProperties) = preSolution
		HideSolutionNode = FALSE
	EndGlobalSection
	GlobalSection(ExtensibilityGlobals) = postSolution
		SolutionGuid = {10FF7D83-BAB7-4797-BD98-722498DF9D48}
	EndGlobalSection
EndGlobal
